
Microsoft Visual Studio Solution File, Format Version 12.00
Project("{FAE04EC0-301F-11D3-BF4B-00C04F79EFBC}") = "OliverBooth", "OliverBooth\OliverBooth.csproj", "{A58A6FA3-480C-400B-822A-3786741BF39C}"
EndProject
Project("{2150E333-8FDC-42A3-9474-1A3956D46DE8}") = "Solution Items", "Solution Items", "{06B0C27F-3432-41D7-B103-47B8D0EE28CC}"
	ProjectSection(SolutionItems) = preProject
		README.md = README.md
		package.json = package.json
		tsconfig.json = tsconfig.json
		.dockerignore = .dockerignore
		docker-compose.yml = docker-compose.yml
		global.json = global.json
		Gulpfile.mjs = Gulpfile.mjs
	EndProjectSection
EndProject
Project("{FAE04EC0-301F-11D3-BF4B-00C04F79EFBC}") = "OliverBooth.Api", "OliverBooth.Api\OliverBooth.Api.csproj", "{37423EB9-C025-45C5-B3B9-B09610FC4829}"
EndProject
Project("{FAE04EC0-301F-11D3-BF4B-00C04F79EFBC}") = "OliverBooth.Common", "OliverBooth.Common\OliverBooth.Common.csproj", "{77DC9941-E648-442F-935A-C66FC401ECBC}"
EndProject
Project("{FAE04EC0-301F-11D3-BF4B-00C04F79EFBC}") = "OliverBooth.Admin", "OliverBooth.Admin\OliverBooth.Admin.csproj", "{6731FFD1-D354-4A58-A227-EA62572C99CC}"
EndProject
Global
	GlobalSection(SolutionConfigurationPlatforms) = preSolution
		Debug|Any CPU = Debug|Any CPU
		Release|Any CPU = Release|Any CPU
	EndGlobalSection
	GlobalSection(ProjectConfigurationPlatforms) = postSolution
		{A58A6FA3-480C-400B-822A-3786741BF39C}.Debug|Any CPU.ActiveCfg = Debug|Any CPU
		{A58A6FA3-480C-400B-822A-3786741BF39C}.Debug|Any CPU.Build.0 = Debug|Any CPU
		{A58A6FA3-480C-400B-822A-3786741BF39C}.Release|Any CPU.ActiveCfg = Release|Any CPU
		{A58A6FA3-480C-400B-822A-3786741BF39C}.Release|Any CPU.Build.0 = Release|Any CPU
		{37423EB9-C025-45C5-B3B9-B09610FC4829}.Debug|Any CPU.ActiveCfg = Debug|Any CPU
		{37423EB9-C025-45C5-B3B9-B09610FC4829}.Debug|Any CPU.Build.0 = Debug|Any CPU
		{37423EB9-C025-45C5-B3B9-B09610FC4829}.Release|Any CPU.ActiveCfg = Release|Any CPU
		{37423EB9-C025-45C5-B3B9-B09610FC4829}.Release|Any CPU.Build.0 = Release|Any CPU
		{77DC9941-E648-442F-935A-C66FC401ECBC}.Debug|Any CPU.ActiveCfg = Debug|Any CPU
		{77DC9941-E648-442F-935A-C66FC401ECBC}.Debug|Any CPU.Build.0 = Debug|Any CPU
		{77DC9941-E648-442F-935A-C66FC401ECBC}.Release|Any CPU.ActiveCfg = Release|Any CPU
		{77DC9941-E648-442F-935A-C66FC401ECBC}.Release|Any CPU.Build.0 = Release|Any CPU
		{6731FFD1-D354-4A58-A227-EA62572C99CC}.Debug|Any CPU.ActiveCfg = Debug|Any CPU
		{6731FFD1-D354-4A58-A227-EA62572C99CC}.Debug|Any CPU.Build.0 = Debug|Any CPU
		{6731FFD1-D354-4A58-A227-EA62572C99CC}.Release|Any CPU.ActiveCfg = Release|Any CPU
		{6731FFD1-D354-4A58-A227-EA62572C99CC}.Release|Any CPU.Build.0 = Release|Any CPU
	EndGlobalSection
	GlobalSection(NestedProjects) = preSolution
	EndGlobalSection
EndGlobal
