
Microsoft Visual Studio Solution File, Format Version 12.00
Project("{FAE04EC0-301F-11D3-BF4B-00C04F79EFBC}") = "OliverBooth", "OliverBooth\OliverBooth.csproj", "{A58A6FA3-480C-400B-822A-3786741BF39C}"
EndProject
Project("{2150E333-8FDC-42A3-9474-1A3956D46DE8}") = "Solution Items", "Solution Items", "{06B0C27F-3432-41D7-B103-47B8D0EE28CC}"
	ProjectSection(SolutionItems) = preProject
		README.md = README.md
		package.json = package.json
		Gulpfile.js = Gulpfile.js
		tsconfig.json = tsconfig.json
		.dockerignore = .dockerignore
		docker-compose.yml = docker-compose.yml
		global.json = global.json
	EndProjectSection
EndProject
Project("{2150E333-8FDC-42A3-9474-1A3956D46DE8}") = "src", "src", "{8A323E64-E41E-4780-99FD-17BF58961FB5}"
EndProject
Project("{2150E333-8FDC-42A3-9474-1A3956D46DE8}") = "scss", "scss", "{822F528E-3CA7-4B7D-9250-BD248ADA7BAE}"
	ProjectSection(SolutionItems) = preProject
		src\scss\app.scss = src\scss\app.scss
		src\scss\prism.vs.scss = src\scss\prism.vs.scss
		src\scss\prism.css = src\scss\prism.css
		src\scss\ribbon.scss = src\scss\ribbon.scss
		src\scss\admin.scss = src\scss\admin.scss
	EndProjectSection
EndProject
Project("{2150E333-8FDC-42A3-9474-1A3956D46DE8}") = "ts", "ts", "{BB9F76AC-292A-4F47-809D-8BBBA6E0A048}"
	ProjectSection(SolutionItems) = preProject
		src\ts\prism.js = src\ts\prism.js
	EndProjectSection
EndProject
Project("{2150E333-8FDC-42A3-9474-1A3956D46DE8}") = "img", "img", "{8996BEBA-0D9C-4D76-9117-8E4E89148A1A}"
	ProjectSection(SolutionItems) = preProject
		src\img\favicon.png = src\img\favicon.png
		src\img\headshot_512x512_2023.jpg = src\img\headshot_512x512_2023.jpg
		src\img\ob-256x256.png = src\img\ob-256x256.png
		src\img\oliverbooth-704x330.png = src\img\oliverbooth-704x330.png
	EndProjectSection
EndProject
Project("{2150E333-8FDC-42A3-9474-1A3956D46DE8}") = "admin", "admin", "{183CDB1F-371D-4A24-8F96-1DF0967995E4}"
	ProjectSection(SolutionItems) = preProject
		src\ts\admin\admin.ts = src\ts\admin\admin.ts
	EndProjectSection
EndProject
Project("{2150E333-8FDC-42A3-9474-1A3956D46DE8}") = "app", "app", "{A6590915-CB40-43EA-B0A3-EDEC63769780}"
	ProjectSection(SolutionItems) = preProject
		src\ts\app\API.ts = src\ts\app\API.ts
		src\ts\app\app.ts = src\ts\app\app.ts
		src\ts\app\Author.ts = src\ts\app\Author.ts
		src\ts\app\BlogPost.ts = src\ts\app\BlogPost.ts
		src\ts\app\BlogUrl.ts = src\ts\app\BlogUrl.ts
		src\ts\app\Input.ts = src\ts\app\Input.ts
		src\ts\app\TimeUtility.ts = src\ts\app\TimeUtility.ts
		src\ts\app\UI.ts = src\ts\app\UI.ts
	EndProjectSection
EndProject
Global
	GlobalSection(SolutionConfigurationPlatforms) = preSolution
		Debug|Any CPU = Debug|Any CPU
		Release|Any CPU = Release|Any CPU
	EndGlobalSection
	GlobalSection(ProjectConfigurationPlatforms) = postSolution
		{A58A6FA3-480C-400B-822A-3786741BF39C}.Debug|Any CPU.ActiveCfg = Debug|Any CPU
		{A58A6FA3-480C-400B-822A-3786741BF39C}.Debug|Any CPU.Build.0 = Debug|Any CPU
		{A58A6FA3-480C-400B-822A-3786741BF39C}.Release|Any CPU.ActiveCfg = Release|Any CPU
		{A58A6FA3-480C-400B-822A-3786741BF39C}.Release|Any CPU.Build.0 = Release|Any CPU
	EndGlobalSection
	GlobalSection(NestedProjects) = preSolution
		{822F528E-3CA7-4B7D-9250-BD248ADA7BAE} = {8A323E64-E41E-4780-99FD-17BF58961FB5}
		{BB9F76AC-292A-4F47-809D-8BBBA6E0A048} = {8A323E64-E41E-4780-99FD-17BF58961FB5}
		{8996BEBA-0D9C-4D76-9117-8E4E89148A1A} = {8A323E64-E41E-4780-99FD-17BF58961FB5}
		{183CDB1F-371D-4A24-8F96-1DF0967995E4} = {BB9F76AC-292A-4F47-809D-8BBBA6E0A048}
		{A6590915-CB40-43EA-B0A3-EDEC63769780} = {BB9F76AC-292A-4F47-809D-8BBBA6E0A048}
	EndGlobalSection
EndGlobal
